
Microsoft Visual Studio Solution File, Format Version 12.00
# Visual Studio Version 17
VisualStudioVersion = 17.8.34511.84
MinimumVisualStudioVersion = 10.0.40219.1
Project("{FAE04EC0-301F-11D3-BF4B-00C04F79EFBC}") = "DotNet2_7_6", "DotNet2_7_6.csproj", "{66133CAA-B950-4CC5-81AB-B72F32DF119C}"
EndProject
Global
	GlobalSection(SolutionConfigurationPlatforms) = preSolution
		Debug|Any CPU = Debug|Any CPU
		Release|Any CPU = Release|Any CPU
	EndGlobalSection
	GlobalSection(ProjectConfigurationPlatforms) = postSolution
		{66133CAA-B950-4CC5-81AB-B72F32DF119C}.Debug|Any CPU.ActiveCfg = Debug|Any CPU
		{66133CAA-B950-4CC5-81AB-B72F32DF119C}.Debug|Any CPU.Build.0 = Debug|Any CPU
		{66133CAA-B950-4CC5-81AB-B72F32DF119C}.Release|Any CPU.ActiveCfg = Release|Any CPU
		{66133CAA-B950-4CC5-81AB-B72F32DF119C}.Release|Any CPU.Build.0 = Release|Any CPU
	EndGlobalSection
	GlobalSection(SolutionProperties) = preSolution
		HideSolutionNode = FALSE
	EndGlobalSection
	GlobalSection(ExtensibilityGlobals) = postSolution
		SolutionGuid = {15C61CFA-FA37-4F43-8758-34955F24B5A8}
	EndGlobalSection
EndGlobal
